<?xml version="1.0" encoding="utf-8"?>
<Project ToolsVersion="4.0" xmlns="http://schemas.microsoft.com/developer/msbuild/2003">
  <ItemGroup>
    <Filter Include="SDK">
      <UniqueIdentifier>{2cde1340-d606-48e1-ab37-28227ec16371}</UniqueIdentifier>
      <Extensions>
      </Extensions>
    </Filter>
  </ItemGroup>
  <ItemGroup>
    <ClInclude Include="SDK\CE_AvfMediaFactory_structs.hpp">
      <Filter>SDK</Filter>
    </ClInclude>
    <ClInclude Include="SDK\CE_BaseGameState_classes.hpp">
      <Filter>SDK</Filter>
    </ClInclude>
    <ClInclude Include="SDK\CE_BaseGameState_parameters.hpp">
      <Filter>SDK</Filter>
    </ClInclude>
    <ClInclude Include="SDK\CE_BaseGameState_structs.hpp">
      <Filter>SDK</Filter>
    </ClInclude>
    <ClInclude Include="SDK\CE_BasePlayerCharInterface_classes.hpp">
      <Filter>SDK</Filter>
    </ClInclude>
    <ClInclude Include="SDK\CE_BasePlayerCharInterface_parameters.hpp">
      <Filter>SDK</Filter>
    </ClInclude>
    <ClInclude Include="SDK\CE_BasePlayerCharInterface_structs.hpp">
      <Filter>SDK</Filter>
    </ClInclude>
    <ClInclude Include="SDK\CE_BasePlayerState_classes.hpp">
      <Filter>SDK</Filter>
    </ClInclude>
    <ClInclude Include="SDK\CE_BasePlayerState_parameters.hpp">
      <Filter>SDK</Filter>
    </ClInclude>
    <ClInclude Include="SDK\CE_BasePlayerState_structs.hpp">
      <Filter>SDK</Filter>
    </ClInclude>
    <ClInclude Include="SDK\CE_Basic.hpp">
      <Filter>SDK</Filter>
    </ClInclude>
    <ClInclude Include="SDK\CE_BP_ConanArmor_DLC_ModController_classes.hpp">
      <Filter>SDK</Filter>
    </ClInclude>
    <ClInclude Include="SDK\CE_BP_ConanArmor_DLC_ModController_parameters.hpp">
      <Filter>SDK</Filter>
    </ClInclude>
    <ClInclude Include="SDK\CE_BP_ConanArmor_DLC_ModController_structs.hpp">
      <Filter>SDK</Filter>
    </ClInclude>
    <ClInclude Include="SDK\CE_BP_ConanGameInstance_classes.hpp">
      <Filter>SDK</Filter>
    </ClInclude>
    <ClInclude Include="SDK\CE_BP_ConanGameInstance_parameters.hpp">
      <Filter>SDK</Filter>
    </ClInclude>
    <ClInclude Include="SDK\CE_BP_ConanGameInstance_structs.hpp">
      <Filter>SDK</Filter>
    </ClInclude>
    <ClInclude Include="SDK\CE_BP_ConanSword_DLC_ModController_classes.hpp">
      <Filter>SDK</Filter>
    </ClInclude>
    <ClInclude Include="SDK\CE_BP_ConanSword_DLC_ModController_parameters.hpp">
      <Filter>SDK</Filter>
    </ClInclude>
    <ClInclude Include="SDK\CE_BP_ConanSword_DLC_ModController_structs.hpp">
      <Filter>SDK</Filter>
    </ClInclude>
    <ClInclude Include="SDK\CE_BP_ServerSettings_classes.hpp">
      <Filter>SDK</Filter>
    </ClInclude>
    <ClInclude Include="SDK\CE_BP_ServerSettings_parameters.hpp">
      <Filter>SDK</Filter>
    </ClInclude>
    <ClInclude Include="SDK\CE_BP_ServerSettings_structs.hpp">
      <Filter>SDK</Filter>
    </ClInclude>
    <ClInclude Include="SDK\CE_BP_UIResourceSingleton_classes.hpp">
      <Filter>SDK</Filter>
    </ClInclude>
    <ClInclude Include="SDK\CE_BP_UIResourceSingleton_parameters.hpp">
      <Filter>SDK</Filter>
    </ClInclude>
    <ClInclude Include="SDK\CE_BP_UIResourceSingleton_structs.hpp">
      <Filter>SDK</Filter>
    </ClInclude>
    <ClInclude Include="SDK\CE_BuildPatchServices_classes.hpp">
      <Filter>SDK</Filter>
    </ClInclude>
    <ClInclude Include="SDK\CE_BuildPatchServices_parameters.hpp">
      <Filter>SDK</Filter>
    </ClInclude>
    <ClInclude Include="SDK\CE_BuildPatchServices_structs.hpp">
      <Filter>SDK</Filter>
    </ClInclude>
    <ClInclude Include="SDK\CE_CableComponent_classes.hpp">
      <Filter>SDK</Filter>
    </ClInclude>
    <ClInclude Include="SDK\CE_CableComponent_parameters.hpp">
      <Filter>SDK</Filter>
    </ClInclude>
    <ClInclude Include="SDK\CE_CableComponent_structs.hpp">
      <Filter>SDK</Filter>
    </ClInclude>
    <ClInclude Include="SDK\CE_CinematicCamera_classes.hpp">
      <Filter>SDK</Filter>
    </ClInclude>
    <ClInclude Include="SDK\CE_CinematicCamera_parameters.hpp">
      <Filter>SDK</Filter>
    </ClInclude>
    <ClInclude Include="SDK\CE_CinematicCamera_structs.hpp">
      <Filter>SDK</Filter>
    </ClInclude>
    <ClInclude Include="SDK\CE_ConanGameInstanceInterface_classes.hpp">
      <Filter>SDK</Filter>
    </ClInclude>
    <ClInclude Include="SDK\CE_ConanGameInstanceInterface_parameters.hpp">
      <Filter>SDK</Filter>
    </ClInclude>
    <ClInclude Include="SDK\CE_ConanGameInstanceInterface_structs.hpp">
      <Filter>SDK</Filter>
    </ClInclude>
    <ClInclude Include="SDK\CE_ConanSandbox_classes.hpp">
      <Filter>SDK</Filter>
    </ClInclude>
    <ClInclude Include="SDK\CE_ConanSandbox_parameters.hpp">
      <Filter>SDK</Filter>
    </ClInclude>
    <ClInclude Include="SDK\CE_ConanSandbox_structs.hpp">
      <Filter>SDK</Filter>
    </ClInclude>
    <ClInclude Include="SDK\CE_CoreUObject_classes.hpp">
      <Filter>SDK</Filter>
    </ClInclude>
    <ClInclude Include="SDK\CE_CoreUObject_parameters.hpp">
      <Filter>SDK</Filter>
    </ClInclude>
    <ClInclude Include="SDK\CE_CoreUObject_structs.hpp">
      <Filter>SDK</Filter>
    </ClInclude>
    <ClInclude Include="SDK\CE_CustomMeshComponent_classes.hpp">
      <Filter>SDK</Filter>
    </ClInclude>
    <ClInclude Include="SDK\CE_CustomMeshComponent_parameters.hpp">
      <Filter>SDK</Filter>
    </ClInclude>
    <ClInclude Include="SDK\CE_CustomMeshComponent_structs.hpp">
      <Filter>SDK</Filter>
    </ClInclude>
    <ClInclude Include="SDK\CE_DialoguePlugin_classes.hpp">
      <Filter>SDK</Filter>
    </ClInclude>
    <ClInclude Include="SDK\CE_DialoguePlugin_parameters.hpp">
      <Filter>SDK</Filter>
    </ClInclude>
    <ClInclude Include="SDK\CE_DialoguePlugin_structs.hpp">
      <Filter>SDK</Filter>
    </ClInclude>
    <ClInclude Include="SDK\CE_DmgTypeBP_Environmental_classes.hpp">
      <Filter>SDK</Filter>
    </ClInclude>
    <ClInclude Include="SDK\CE_DmgTypeBP_Environmental_parameters.hpp">
      <Filter>SDK</Filter>
    </ClInclude>
    <ClInclude Include="SDK\CE_DmgTypeBP_Environmental_structs.hpp">
      <Filter>SDK</Filter>
    </ClInclude>
    <ClInclude Include="SDK\CE_DreamworldMods_classes.hpp">
      <Filter>SDK</Filter>
    </ClInclude>
    <ClInclude Include="SDK\CE_DreamworldMods_parameters.hpp">
      <Filter>SDK</Filter>
    </ClInclude>
    <ClInclude Include="SDK\CE_DreamworldMods_structs.hpp">
      <Filter>SDK</Filter>
    </ClInclude>
    <ClInclude Include="SDK\CE_DreamworldPreInit_classes.hpp">
      <Filter>SDK</Filter>
    </ClInclude>
    <ClInclude Include="SDK\CE_DreamworldPreInit_parameters.hpp">
      <Filter>SDK</Filter>
    </ClInclude>
    <ClInclude Include="SDK\CE_DreamworldPreInit_structs.hpp">
      <Filter>SDK</Filter>
    </ClInclude>
    <ClInclude Include="SDK\CE_EditorStyle_classes.hpp">
      <Filter>SDK</Filter>
    </ClInclude>
    <ClInclude Include="SDK\CE_EditorStyle_parameters.hpp">
      <Filter>SDK</Filter>
    </ClInclude>
    <ClInclude Include="SDK\CE_EditorStyle_structs.hpp">
      <Filter>SDK</Filter>
    </ClInclude>
    <ClInclude Include="SDK\CE_Engine_classes.hpp">
      <Filter>SDK</Filter>
    </ClInclude>
    <ClInclude Include="SDK\CE_Engine_parameters.hpp">
      <Filter>SDK</Filter>
    </ClInclude>
    <ClInclude Include="SDK\CE_Engine_structs.hpp">
      <Filter>SDK</Filter>
    </ClInclude>
    <ClInclude Include="SDK\CE_EngineMessages_classes.hpp">
      <Filter>SDK</Filter>
    </ClInclude>
    <ClInclude Include="SDK\CE_EngineMessages_parameters.hpp">
      <Filter>SDK</Filter>
    </ClInclude>
    <ClInclude Include="SDK\CE_EngineMessages_structs.hpp">
      <Filter>SDK</Filter>
    </ClInclude>
    <ClInclude Include="SDK\CE_EngineSettings_classes.hpp">
      <Filter>SDK</Filter>
    </ClInclude>
    <ClInclude Include="SDK\CE_EngineSettings_parameters.hpp">
      <Filter>SDK</Filter>
    </ClInclude>
    <ClInclude Include="SDK\CE_EngineSettings_structs.hpp">
      <Filter>SDK</Filter>
    </ClInclude>
    <ClInclude Include="SDK\CE_ExternalDirectory_classes.hpp">
      <Filter>SDK</Filter>
    </ClInclude>
    <ClInclude Include="SDK\CE_ExternalDirectory_parameters.hpp">
      <Filter>SDK</Filter>
    </ClInclude>
    <ClInclude Include="SDK\CE_ExternalDirectory_structs.hpp">
      <Filter>SDK</Filter>
    </ClInclude>
    <ClInclude Include="SDK\CE_FacialAnimation_classes.hpp">
      <Filter>SDK</Filter>
    </ClInclude>
    <ClInclude Include="SDK\CE_FacialAnimation_parameters.hpp">
      <Filter>SDK</Filter>
    </ClInclude>
    <ClInclude Include="SDK\CE_FacialAnimation_structs.hpp">
      <Filter>SDK</Filter>
    </ClInclude>
    <ClInclude Include="SDK\CE_FCButtonSubMenu_classes.hpp">
      <Filter>SDK</Filter>
    </ClInclude>
    <ClInclude Include="SDK\CE_FCButtonSubMenu_parameters.hpp">
      <Filter>SDK</Filter>
    </ClInclude>
    <ClInclude Include="SDK\CE_FCButtonSubMenu_structs.hpp">
      <Filter>SDK</Filter>
    </ClInclude>
    <ClInclude Include="SDK\CE_Foliage_classes.hpp">
      <Filter>SDK</Filter>
    </ClInclude>
    <ClInclude Include="SDK\CE_Foliage_parameters.hpp">
      <Filter>SDK</Filter>
    </ClInclude>
    <ClInclude Include="SDK\CE_Foliage_structs.hpp">
      <Filter>SDK</Filter>
    </ClInclude>
    <ClInclude Include="SDK\CE_GameLiveStreaming_classes.hpp">
      <Filter>SDK</Filter>
    </ClInclude>
    <ClInclude Include="SDK\CE_GameLiveStreaming_parameters.hpp">
      <Filter>SDK</Filter>
    </ClInclude>
    <ClInclude Include="SDK\CE_GameLiveStreaming_structs.hpp">
      <Filter>SDK</Filter>
    </ClInclude>
    <ClInclude Include="SDK\CE_GameplayTags_classes.hpp">
      <Filter>SDK</Filter>
    </ClInclude>
    <ClInclude Include="SDK\CE_GameplayTags_parameters.hpp">
      <Filter>SDK</Filter>
    </ClInclude>
    <ClInclude Include="SDK\CE_GameplayTags_structs.hpp">
      <Filter>SDK</Filter>
    </ClInclude>
    <ClInclude Include="SDK\CE_GameplayTasks_classes.hpp">
      <Filter>SDK</Filter>
    </ClInclude>
    <ClInclude Include="SDK\CE_GameplayTasks_parameters.hpp">
      <Filter>SDK</Filter>
    </ClInclude>
    <ClInclude Include="SDK\CE_GameplayTasks_structs.hpp">
      <Filter>SDK</Filter>
    </ClInclude>
    <ClInclude Include="SDK\CE_GeometryCache_classes.hpp">
      <Filter>SDK</Filter>
    </ClInclude>
    <ClInclude Include="SDK\CE_GeometryCache_parameters.hpp">
      <Filter>SDK</Filter>
    </ClInclude>
    <ClInclude Include="SDK\CE_GeometryCache_structs.hpp">
      <Filter>SDK</Filter>
    </ClInclude>
    <ClInclude Include="SDK\CE_HeadMountedDisplay_classes.hpp">
      <Filter>SDK</Filter>
    </ClInclude>
    <ClInclude Include="SDK\CE_HeadMountedDisplay_parameters.hpp">
      <Filter>SDK</Filter>
    </ClInclude>
    <ClInclude Include="SDK\CE_HeadMountedDisplay_structs.hpp">
      <Filter>SDK</Filter>
    </ClInclude>
    <ClInclude Include="SDK\CE_Hotfix_classes.hpp">
      <Filter>SDK</Filter>
    </ClInclude>
    <ClInclude Include="SDK\CE_Hotfix_parameters.hpp">
      <Filter>SDK</Filter>
    </ClInclude>
    <ClInclude Include="SDK\CE_Hotfix_structs.hpp">
      <Filter>SDK</Filter>
    </ClInclude>
    <ClInclude Include="SDK\CE_HTML5Networking_classes.hpp">
      <Filter>SDK</Filter>
    </ClInclude>
    <ClInclude Include="SDK\CE_HTML5Networking_parameters.hpp">
      <Filter>SDK</Filter>
    </ClInclude>
    <ClInclude Include="SDK\CE_HTML5Networking_structs.hpp">
      <Filter>SDK</Filter>
    </ClInclude>
    <ClInclude Include="SDK\CE_I_HostLocalWidgetInterface_classes.hpp">
      <Filter>SDK</Filter>
    </ClInclude>
    <ClInclude Include="SDK\CE_I_HostLocalWidgetInterface_parameters.hpp">
      <Filter>SDK</Filter>
    </ClInclude>
    <ClInclude Include="SDK\CE_I_HostLocalWidgetInterface_structs.hpp">
      <Filter>SDK</Filter>
    </ClInclude>
    <ClInclude Include="SDK\CE_InputCore_classes.hpp">
      <Filter>SDK</Filter>
    </ClInclude>
    <ClInclude Include="SDK\CE_InputCore_parameters.hpp">
      <Filter>SDK</Filter>
    </ClInclude>
    <ClInclude Include="SDK\CE_InputCore_structs.hpp">
      <Filter>SDK</Filter>
    </ClInclude>
    <ClInclude Include="SDK\CE_JsonUtilities_classes.hpp">
      <Filter>SDK</Filter>
    </ClInclude>
    <ClInclude Include="SDK\CE_JsonUtilities_parameters.hpp">
      <Filter>SDK</Filter>
    </ClInclude>
    <ClInclude Include="SDK\CE_JsonUtilities_structs.hpp">
      <Filter>SDK</Filter>
    </ClInclude>
    <ClInclude Include="SDK\CE_Landscape_classes.hpp">
      <Filter>SDK</Filter>
    </ClInclude>
    <ClInclude Include="SDK\CE_Landscape_parameters.hpp">
      <Filter>SDK</Filter>
    </ClInclude>
    <ClInclude Include="SDK\CE_Landscape_structs.hpp">
      <Filter>SDK</Filter>
    </ClInclude>
    <ClInclude Include="SDK\CE_LevelSequence_classes.hpp">
      <Filter>SDK</Filter>
    </ClInclude>
    <ClInclude Include="SDK\CE_LevelSequence_parameters.hpp">
      <Filter>SDK</Filter>
    </ClInclude>
    <ClInclude Include="SDK\CE_LevelSequence_structs.hpp">
      <Filter>SDK</Filter>
    </ClInclude>
    <ClInclude Include="SDK\CE_LightPropagationVolumeRuntime_classes.hpp">
      <Filter>SDK</Filter>
    </ClInclude>
    <ClInclude Include="SDK\CE_LightPropagationVolumeRuntime_parameters.hpp">
      <Filter>SDK</Filter>
    </ClInclude>
    <ClInclude Include="SDK\CE_LightPropagationVolumeRuntime_structs.hpp">
      <Filter>SDK</Filter>
    </ClInclude>
    <ClInclude Include="SDK\CE_Lobby_classes.hpp">
      <Filter>SDK</Filter>
    </ClInclude>
    <ClInclude Include="SDK\CE_Lobby_parameters.hpp">
      <Filter>SDK</Filter>
    </ClInclude>
    <ClInclude Include="SDK\CE_Lobby_structs.hpp">
      <Filter>SDK</Filter>
    </ClInclude>
    <ClInclude Include="SDK\CE_LocationServicesBPLibrary_classes.hpp">
      <Filter>SDK</Filter>
    </ClInclude>
    <ClInclude Include="SDK\CE_LocationServicesBPLibrary_parameters.hpp">
      <Filter>SDK</Filter>
    </ClInclude>
    <ClInclude Include="SDK\CE_LocationServicesBPLibrary_structs.hpp">
      <Filter>SDK</Filter>
    </ClInclude>
    <ClInclude Include="SDK\CE_MaterialShaderQualitySettings_classes.hpp">
      <Filter>SDK</Filter>
    </ClInclude>
    <ClInclude Include="SDK\CE_MaterialShaderQualitySettings_parameters.hpp">
      <Filter>SDK</Filter>
    </ClInclude>
    <ClInclude Include="SDK\CE_MaterialShaderQualitySettings_structs.hpp">
      <Filter>SDK</Filter>
    </ClInclude>
    <ClInclude Include="SDK\CE_MediaAssets_classes.hpp">
      <Filter>SDK</Filter>
    </ClInclude>
    <ClInclude Include="SDK\CE_MediaAssets_parameters.hpp">
      <Filter>SDK</Filter>
    </ClInclude>
    <ClInclude Include="SDK\CE_MediaAssets_structs.hpp">
      <Filter>SDK</Filter>
    </ClInclude>
    <ClInclude Include="SDK\CE_MobilePatchingUtils_classes.hpp">
      <Filter>SDK</Filter>
    </ClInclude>
    <ClInclude Include="SDK\CE_MobilePatchingUtils_parameters.hpp">
      <Filter>SDK</Filter>
    </ClInclude>
    <ClInclude Include="SDK\CE_MobilePatchingUtils_structs.hpp">
      <Filter>SDK</Filter>
    </ClInclude>
    <ClInclude Include="SDK\CE_MoviePlayer_classes.hpp">
      <Filter>SDK</Filter>
    </ClInclude>
    <ClInclude Include="SDK\CE_MoviePlayer_parameters.hpp">
      <Filter>SDK</Filter>
    </ClInclude>
    <ClInclude Include="SDK\CE_MoviePlayer_structs.hpp">
      <Filter>SDK</Filter>
    </ClInclude>
    <ClInclude Include="SDK\CE_MovieScene_classes.hpp">
      <Filter>SDK</Filter>
    </ClInclude>
    <ClInclude Include="SDK\CE_MovieScene_parameters.hpp">
      <Filter>SDK</Filter>
    </ClInclude>
    <ClInclude Include="SDK\CE_MovieScene_structs.hpp">
      <Filter>SDK</Filter>
    </ClInclude>
    <ClInclude Include="SDK\CE_MovieSceneCapture_classes.hpp">
      <Filter>SDK</Filter>
    </ClInclude>
    <ClInclude Include="SDK\CE_MovieSceneCapture_parameters.hpp">
      <Filter>SDK</Filter>
    </ClInclude>
    <ClInclude Include="SDK\CE_MovieSceneCapture_structs.hpp">
      <Filter>SDK</Filter>
    </ClInclude>
    <ClInclude Include="SDK\CE_MovieSceneTracks_classes.hpp">
      <Filter>SDK</Filter>
    </ClInclude>
    <ClInclude Include="SDK\CE_MovieSceneTracks_parameters.hpp">
      <Filter>SDK</Filter>
    </ClInclude>
    <ClInclude Include="SDK\CE_MovieSceneTracks_structs.hpp">
      <Filter>SDK</Filter>
    </ClInclude>
    <ClInclude Include="SDK\CE_Niagara_classes.hpp">
      <Filter>SDK</Filter>
    </ClInclude>
    <ClInclude Include="SDK\CE_Niagara_parameters.hpp">
      <Filter>SDK</Filter>
    </ClInclude>
    <ClInclude Include="SDK\CE_Niagara_structs.hpp">
      <Filter>SDK</Filter>
    </ClInclude>
    <ClInclude Include="SDK\CE_OnlineSubsystem_classes.hpp">
      <Filter>SDK</Filter>
    </ClInclude>
    <ClInclude Include="SDK\CE_OnlineSubsystem_parameters.hpp">
      <Filter>SDK</Filter>
    </ClInclude>
    <ClInclude Include="SDK\CE_OnlineSubsystem_structs.hpp">
      <Filter>SDK</Filter>
    </ClInclude>
    <ClInclude Include="SDK\CE_OnlineSubsystemSteam_classes.hpp">
      <Filter>SDK</Filter>
    </ClInclude>
    <ClInclude Include="SDK\CE_OnlineSubsystemSteam_parameters.hpp">
      <Filter>SDK</Filter>
    </ClInclude>
    <ClInclude Include="SDK\CE_OnlineSubsystemSteam_structs.hpp">
      <Filter>SDK</Filter>
    </ClInclude>
    <ClInclude Include="SDK\CE_OnlineSubsystemUtils_classes.hpp">
      <Filter>SDK</Filter>
    </ClInclude>
    <ClInclude Include="SDK\CE_OnlineSubsystemUtils_parameters.hpp">
      <Filter>SDK</Filter>
    </ClInclude>
    <ClInclude Include="SDK\CE_OnlineSubsystemUtils_structs.hpp">
      <Filter>SDK</Filter>
    </ClInclude>
    <ClInclude Include="SDK\CE_PacketHandler_classes.hpp">
      <Filter>SDK</Filter>
    </ClInclude>
    <ClInclude Include="SDK\CE_PacketHandler_parameters.hpp">
      <Filter>SDK</Filter>
    </ClInclude>
    <ClInclude Include="SDK\CE_PacketHandler_structs.hpp">
      <Filter>SDK</Filter>
    </ClInclude>
    <ClInclude Include="SDK\CE_Paper2D_classes.hpp">
      <Filter>SDK</Filter>
    </ClInclude>
    <ClInclude Include="SDK\CE_Paper2D_parameters.hpp">
      <Filter>SDK</Filter>
    </ClInclude>
    <ClInclude Include="SDK\CE_Paper2D_structs.hpp">
      <Filter>SDK</Filter>
    </ClInclude>
    <ClInclude Include="SDK\CE_Party_classes.hpp">
      <Filter>SDK</Filter>
    </ClInclude>
    <ClInclude Include="SDK\CE_Party_parameters.hpp">
      <Filter>SDK</Filter>
    </ClInclude>
    <ClInclude Include="SDK\CE_Party_structs.hpp">
      <Filter>SDK</Filter>
    </ClInclude>
    <ClInclude Include="SDK\CE_PhysXVehicles_classes.hpp">
      <Filter>SDK</Filter>
    </ClInclude>
    <ClInclude Include="SDK\CE_PhysXVehicles_parameters.hpp">
      <Filter>SDK</Filter>
    </ClInclude>
    <ClInclude Include="SDK\CE_PhysXVehicles_structs.hpp">
      <Filter>SDK</Filter>
    </ClInclude>
    <ClInclude Include="SDK\CE_ProceduralMeshComponent_classes.hpp">
      <Filter>SDK</Filter>
    </ClInclude>
    <ClInclude Include="SDK\CE_ProceduralMeshComponent_parameters.hpp">
      <Filter>SDK</Filter>
    </ClInclude>
    <ClInclude Include="SDK\CE_ProceduralMeshComponent_structs.hpp">
      <Filter>SDK</Filter>
    </ClInclude>
    <ClInclude Include="SDK\CE_ProfilerMessages_classes.hpp">
      <Filter>SDK</Filter>
    </ClInclude>
    <ClInclude Include="SDK\CE_ProfilerMessages_parameters.hpp">
      <Filter>SDK</Filter>
    </ClInclude>
    <ClInclude Include="SDK\CE_ProfilerMessages_structs.hpp">
      <Filter>SDK</Filter>
    </ClInclude>
    <ClInclude Include="SDK\CE_Qos_classes.hpp">
      <Filter>SDK</Filter>
    </ClInclude>
    <ClInclude Include="SDK\CE_Qos_parameters.hpp">
      <Filter>SDK</Filter>
    </ClInclude>
    <ClInclude Include="SDK\CE_Qos_structs.hpp">
      <Filter>SDK</Filter>
    </ClInclude>
    <ClInclude Include="SDK\CE_RconPlugin_classes.hpp">
      <Filter>SDK</Filter>
    </ClInclude>
    <ClInclude Include="SDK\CE_RconPlugin_parameters.hpp">
      <Filter>SDK</Filter>
    </ClInclude>
    <ClInclude Include="SDK\CE_RconPlugin_structs.hpp">
      <Filter>SDK</Filter>
    </ClInclude>
    <ClInclude Include="SDK\CE_Rejoin_classes.hpp">
      <Filter>SDK</Filter>
    </ClInclude>
    <ClInclude Include="SDK\CE_Rejoin_parameters.hpp">
      <Filter>SDK</Filter>
    </ClInclude>
    <ClInclude Include="SDK\CE_Rejoin_structs.hpp">
      <Filter>SDK</Filter>
    </ClInclude>
    <ClInclude Include="SDK\CE_ScreenShotComparisonTools_classes.hpp">
      <Filter>SDK</Filter>
    </ClInclude>
    <ClInclude Include="SDK\CE_ScreenShotComparisonTools_parameters.hpp">
      <Filter>SDK</Filter>
    </ClInclude>
    <ClInclude Include="SDK\CE_ScreenShotComparisonTools_structs.hpp">
      <Filter>SDK</Filter>
    </ClInclude>
    <ClInclude Include="SDK\CE_Serialization_classes.hpp">
      <Filter>SDK</Filter>
    </ClInclude>
    <ClInclude Include="SDK\CE_Serialization_parameters.hpp">
      <Filter>SDK</Filter>
    </ClInclude>
    <ClInclude Include="SDK\CE_Serialization_structs.hpp">
      <Filter>SDK</Filter>
    </ClInclude>
    <ClInclude Include="SDK\CE_SessionMessages_classes.hpp">
      <Filter>SDK</Filter>
    </ClInclude>
    <ClInclude Include="SDK\CE_SessionMessages_parameters.hpp">
      <Filter>SDK</Filter>
    </ClInclude>
    <ClInclude Include="SDK\CE_SessionMessages_structs.hpp">
      <Filter>SDK</Filter>
    </ClInclude>
    <ClInclude Include="SDK\CE_SittingPoses_classes.hpp">
      <Filter>SDK</Filter>
    </ClInclude>
    <ClInclude Include="SDK\CE_SittingPoses_parameters.hpp">
      <Filter>SDK</Filter>
    </ClInclude>
    <ClInclude Include="SDK\CE_SittingPoses_structs.hpp">
      <Filter>SDK</Filter>
    </ClInclude>
    <ClInclude Include="SDK\CE_Slate_classes.hpp">
      <Filter>SDK</Filter>
    </ClInclude>
    <ClInclude Include="SDK\CE_Slate_parameters.hpp">
      <Filter>SDK</Filter>
    </ClInclude>
    <ClInclude Include="SDK\CE_Slate_structs.hpp">
      <Filter>SDK</Filter>
    </ClInclude>
    <ClInclude Include="SDK\CE_SlateCore_classes.hpp">
      <Filter>SDK</Filter>
    </ClInclude>
    <ClInclude Include="SDK\CE_SlateCore_parameters.hpp">
      <Filter>SDK</Filter>
    </ClInclude>
    <ClInclude Include="SDK\CE_SlateCore_structs.hpp">
      <Filter>SDK</Filter>
    </ClInclude>
    <ClInclude Include="SDK\CE_SlateReflector_classes.hpp">
      <Filter>SDK</Filter>
    </ClInclude>
    <ClInclude Include="SDK\CE_SlateReflector_parameters.hpp">
      <Filter>SDK</Filter>
    </ClInclude>
    <ClInclude Include="SDK\CE_SlateReflector_structs.hpp">
      <Filter>SDK</Filter>
    </ClInclude>
    <ClInclude Include="SDK\CE_Startup_classes.hpp">
      <Filter>SDK</Filter>
    </ClInclude>
    <ClInclude Include="SDK\CE_Startup_parameters.hpp">
      <Filter>SDK</Filter>
    </ClInclude>
    <ClInclude Include="SDK\CE_Startup_structs.hpp">
      <Filter>SDK</Filter>
    </ClInclude>
    <ClInclude Include="SDK\CE_StartupGameMode_classes.hpp">
      <Filter>SDK</Filter>
    </ClInclude>
    <ClInclude Include="SDK\CE_StartupGameMode_parameters.hpp">
      <Filter>SDK</Filter>
    </ClInclude>
    <ClInclude Include="SDK\CE_StartupGameMode_structs.hpp">
      <Filter>SDK</Filter>
    </ClInclude>
    <ClInclude Include="SDK\CE_TcpMessaging_classes.hpp">
      <Filter>SDK</Filter>
    </ClInclude>
    <ClInclude Include="SDK\CE_TcpMessaging_parameters.hpp">
      <Filter>SDK</Filter>
    </ClInclude>
    <ClInclude Include="SDK\CE_TcpMessaging_structs.hpp">
      <Filter>SDK</Filter>
    </ClInclude>
    <ClInclude Include="SDK\CE_UdpMessaging_classes.hpp">
      <Filter>SDK</Filter>
    </ClInclude>
    <ClInclude Include="SDK\CE_UdpMessaging_parameters.hpp">
      <Filter>SDK</Filter>
    </ClInclude>
    <ClInclude Include="SDK\CE_UdpMessaging_structs.hpp">
      <Filter>SDK</Filter>
    </ClInclude>
    <ClInclude Include="SDK\CE_UE4Dreamworld_classes.hpp">
      <Filter>SDK</Filter>
    </ClInclude>
    <ClInclude Include="SDK\CE_UE4Dreamworld_parameters.hpp">
      <Filter>SDK</Filter>
    </ClInclude>
    <ClInclude Include="SDK\CE_UE4Dreamworld_structs.hpp">
      <Filter>SDK</Filter>
    </ClInclude>
    <ClInclude Include="SDK\CE_UMG_classes.hpp">
      <Filter>SDK</Filter>
    </ClInclude>
    <ClInclude Include="SDK\CE_UMG_parameters.hpp">
      <Filter>SDK</Filter>
    </ClInclude>
    <ClInclude Include="SDK\CE_UMG_structs.hpp">
      <Filter>SDK</Filter>
    </ClInclude>
    <ClInclude Include="SDK\CE_UnrealEdMessages_classes.hpp">
      <Filter>SDK</Filter>
    </ClInclude>
    <ClInclude Include="SDK\CE_UnrealEdMessages_parameters.hpp">
      <Filter>SDK</Filter>
    </ClInclude>
    <ClInclude Include="SDK\CE_UnrealEdMessages_structs.hpp">
      <Filter>SDK</Filter>
    </ClInclude>
    <ClInclude Include="SDK\CE_VectorVM_classes.hpp">
      <Filter>SDK</Filter>
    </ClInclude>
    <ClInclude Include="SDK\CE_VectorVM_parameters.hpp">
      <Filter>SDK</Filter>
    </ClInclude>
    <ClInclude Include="SDK\CE_VectorVM_structs.hpp">
      <Filter>SDK</Filter>
    </ClInclude>
    <ClInclude Include="SDK\CE_W_ActionTutorial_classes.hpp">
      <Filter>SDK</Filter>
    </ClInclude>
    <ClInclude Include="SDK\CE_W_ActionTutorial_parameters.hpp">
      <Filter>SDK</Filter>
    </ClInclude>
    <ClInclude Include="SDK\CE_W_ActionTutorial_structs.hpp">
      <Filter>SDK</Filter>
    </ClInclude>
    <ClInclude Include="SDK\CE_W_BlitzButton_classes.hpp">
      <Filter>SDK</Filter>
    </ClInclude>
    <ClInclude Include="SDK\CE_W_BlitzButton_parameters.hpp">
      <Filter>SDK</Filter>
    </ClInclude>
    <ClInclude Include="SDK\CE_W_BlitzButton_structs.hpp">
      <Filter>SDK</Filter>
    </ClInclude>
    <ClInclude Include="SDK\CE_W_ButtonCustom_classes.hpp">
      <Filter>SDK</Filter>
    </ClInclude>
    <ClInclude Include="SDK\CE_W_ButtonCustom_parameters.hpp">
      <Filter>SDK</Filter>
    </ClInclude>
    <ClInclude Include="SDK\CE_W_ButtonCustom_structs.hpp">
      <Filter>SDK</Filter>
    </ClInclude>
    <ClInclude Include="SDK\CE_W_ButtonLarge_classes.hpp">
      <Filter>SDK</Filter>
    </ClInclude>
    <ClInclude Include="SDK\CE_W_ButtonLarge_parameters.hpp">
      <Filter>SDK</Filter>
    </ClInclude>
    <ClInclude Include="SDK\CE_W_ButtonLarge_structs.hpp">
      <Filter>SDK</Filter>
    </ClInclude>
    <ClInclude Include="SDK\CE_W_ButtonNormal_classes.hpp">
      <Filter>SDK</Filter>
    </ClInclude>
    <ClInclude Include="SDK\CE_W_ButtonNormal_parameters.hpp">
      <Filter>SDK</Filter>
    </ClInclude>
    <ClInclude Include="SDK\CE_W_ButtonNormal_structs.hpp">
      <Filter>SDK</Filter>
    </ClInclude>
    <ClInclude Include="SDK\CE_W_CommunityButton_classes.hpp">
      <Filter>SDK</Filter>
    </ClInclude>
    <ClInclude Include="SDK\CE_W_CommunityButton_parameters.hpp">
      <Filter>SDK</Filter>
    </ClInclude>
    <ClInclude Include="SDK\CE_W_CommunityButton_structs.hpp">
      <Filter>SDK</Filter>
    </ClInclude>
    <ClInclude Include="SDK\CE_W_DiscoveryFIFOMessageView_classes.hpp">
      <Filter>SDK</Filter>
    </ClInclude>
    <ClInclude Include="SDK\CE_W_DiscoveryFIFOMessageView_parameters.hpp">
      <Filter>SDK</Filter>
    </ClInclude>
    <ClInclude Include="SDK\CE_W_DiscoveryFIFOMessageView_structs.hpp">
      <Filter>SDK</Filter>
    </ClInclude>
    <ClInclude Include="SDK\CE_W_DropDownText_classes.hpp">
      <Filter>SDK</Filter>
    </ClInclude>
    <ClInclude Include="SDK\CE_W_DropDownText_parameters.hpp">
      <Filter>SDK</Filter>
    </ClInclude>
    <ClInclude Include="SDK\CE_W_DropDownText_structs.hpp">
      <Filter>SDK</Filter>
    </ClInclude>
    <ClInclude Include="SDK\CE_W_EarlyAccessWarning_classes.hpp">
      <Filter>SDK</Filter>
    </ClInclude>
    <ClInclude Include="SDK\CE_W_EarlyAccessWarning_parameters.hpp">
      <Filter>SDK</Filter>
    </ClInclude>
    <ClInclude Include="SDK\CE_W_EarlyAccessWarning_structs.hpp">
      <Filter>SDK</Filter>
    </ClInclude>
    <ClInclude Include="SDK\CE_W_EditableLabeledSlider_classes.hpp">
      <Filter>SDK</Filter>
    </ClInclude>
    <ClInclude Include="SDK\CE_W_EditableLabeledSlider_parameters.hpp">
      <Filter>SDK</Filter>
    </ClInclude>
    <ClInclude Include="SDK\CE_W_EditableLabeledSlider_structs.hpp">
      <Filter>SDK</Filter>
    </ClInclude>
    <ClInclude Include="SDK\CE_W_FCButton_classes.hpp">
      <Filter>SDK</Filter>
    </ClInclude>
    <ClInclude Include="SDK\CE_W_FCButton_parameters.hpp">
      <Filter>SDK</Filter>
    </ClInclude>
    <ClInclude Include="SDK\CE_W_FCButton_structs.hpp">
      <Filter>SDK</Filter>
    </ClInclude>
    <ClInclude Include="SDK\CE_W_FCComboBoxString_classes.hpp">
      <Filter>SDK</Filter>
    </ClInclude>
    <ClInclude Include="SDK\CE_W_FCComboBoxString_parameters.hpp">
      <Filter>SDK</Filter>
    </ClInclude>
    <ClInclude Include="SDK\CE_W_FCComboBoxString_structs.hpp">
      <Filter>SDK</Filter>
    </ClInclude>
    <ClInclude Include="SDK\CE_W_FCEditableTextBlock_classes.hpp">
      <Filter>SDK</Filter>
    </ClInclude>
    <ClInclude Include="SDK\CE_W_FCEditableTextBlock_parameters.hpp">
      <Filter>SDK</Filter>
    </ClInclude>
    <ClInclude Include="SDK\CE_W_FCEditableTextBlock_structs.hpp">
      <Filter>SDK</Filter>
    </ClInclude>
    <ClInclude Include="SDK\CE_W_FCMultiLineEditableTextBox_classes.hpp">
      <Filter>SDK</Filter>
    </ClInclude>
    <ClInclude Include="SDK\CE_W_FCMultiLineEditableTextBox_parameters.hpp">
      <Filter>SDK</Filter>
    </ClInclude>
    <ClInclude Include="SDK\CE_W_FCMultiLineEditableTextBox_structs.hpp">
      <Filter>SDK</Filter>
    </ClInclude>
    <ClInclude Include="SDK\CE_W_FCSlider_classes.hpp">
      <Filter>SDK</Filter>
    </ClInclude>
    <ClInclude Include="SDK\CE_W_FCSlider_parameters.hpp">
      <Filter>SDK</Filter>
    </ClInclude>
    <ClInclude Include="SDK\CE_W_FCSlider_structs.hpp">
      <Filter>SDK</Filter>
    </ClInclude>
    <ClInclude Include="SDK\CE_W_FIFOMessageView_classes.hpp">
      <Filter>SDK</Filter>
    </ClInclude>
    <ClInclude Include="SDK\CE_W_FIFOMessageView_parameters.hpp">
      <Filter>SDK</Filter>
    </ClInclude>
    <ClInclude Include="SDK\CE_W_FIFOMessageView_structs.hpp">
      <Filter>SDK</Filter>
    </ClInclude>
    <ClInclude Include="SDK\CE_W_FIFOWindow_classes.hpp">
      <Filter>SDK</Filter>
    </ClInclude>
    <ClInclude Include="SDK\CE_W_FIFOWindow_parameters.hpp">
      <Filter>SDK</Filter>
    </ClInclude>
    <ClInclude Include="SDK\CE_W_FIFOWindow_structs.hpp">
      <Filter>SDK</Filter>
    </ClInclude>
    <ClInclude Include="SDK\CE_W_GamepadHelpEntry_classes.hpp">
      <Filter>SDK</Filter>
    </ClInclude>
    <ClInclude Include="SDK\CE_W_GamepadHelpEntry_parameters.hpp">
      <Filter>SDK</Filter>
    </ClInclude>
    <ClInclude Include="SDK\CE_W_GamepadHelpEntry_structs.hpp">
      <Filter>SDK</Filter>
    </ClInclude>
    <ClInclude Include="SDK\CE_W_GamepadHelpOverlay_classes.hpp">
      <Filter>SDK</Filter>
    </ClInclude>
    <ClInclude Include="SDK\CE_W_GamepadHelpOverlay_parameters.hpp">
      <Filter>SDK</Filter>
    </ClInclude>
    <ClInclude Include="SDK\CE_W_GamepadHelpOverlay_structs.hpp">
      <Filter>SDK</Filter>
    </ClInclude>
    <ClInclude Include="SDK\CE_W_HostLocal_classes.hpp">
      <Filter>SDK</Filter>
    </ClInclude>
    <ClInclude Include="SDK\CE_W_HostLocal_parameters.hpp">
      <Filter>SDK</Filter>
    </ClInclude>
    <ClInclude Include="SDK\CE_W_HostLocal_structs.hpp">
      <Filter>SDK</Filter>
    </ClInclude>
    <ClInclude Include="SDK\CE_W_HotkeyIcon_classes.hpp">
      <Filter>SDK</Filter>
    </ClInclude>
    <ClInclude Include="SDK\CE_W_HotkeyIcon_parameters.hpp">
      <Filter>SDK</Filter>
    </ClInclude>
    <ClInclude Include="SDK\CE_W_HotkeyIcon_structs.hpp">
      <Filter>SDK</Filter>
    </ClInclude>
    <ClInclude Include="SDK\CE_W_IngameLoadingScreen_classes.hpp">
      <Filter>SDK</Filter>
    </ClInclude>
    <ClInclude Include="SDK\CE_W_IngameLoadingScreen_parameters.hpp">
      <Filter>SDK</Filter>
    </ClInclude>
    <ClInclude Include="SDK\CE_W_IngameLoadingScreen_structs.hpp">
      <Filter>SDK</Filter>
    </ClInclude>
    <ClInclude Include="SDK\CE_W_InputBox_classes.hpp">
      <Filter>SDK</Filter>
    </ClInclude>
    <ClInclude Include="SDK\CE_W_InputBox_parameters.hpp">
      <Filter>SDK</Filter>
    </ClInclude>
    <ClInclude Include="SDK\CE_W_InputBox_structs.hpp">
      <Filter>SDK</Filter>
    </ClInclude>
    <ClInclude Include="SDK\CE_W_IntentionPicker_classes.hpp">
      <Filter>SDK</Filter>
    </ClInclude>
    <ClInclude Include="SDK\CE_W_IntentionPicker_parameters.hpp">
      <Filter>SDK</Filter>
    </ClInclude>
    <ClInclude Include="SDK\CE_W_IntentionPicker_structs.hpp">
      <Filter>SDK</Filter>
    </ClInclude>
    <ClInclude Include="SDK\CE_W_JourneyStepFIFOMessageView2_classes.hpp">
      <Filter>SDK</Filter>
    </ClInclude>
    <ClInclude Include="SDK\CE_W_JourneyStepFIFOMessageView2_parameters.hpp">
      <Filter>SDK</Filter>
    </ClInclude>
    <ClInclude Include="SDK\CE_W_JourneyStepFIFOMessageView2_structs.hpp">
      <Filter>SDK</Filter>
    </ClInclude>
    <ClInclude Include="SDK\CE_W_KeyBindings_Button_classes.hpp">
      <Filter>SDK</Filter>
    </ClInclude>
    <ClInclude Include="SDK\CE_W_KeyBindings_Button_parameters.hpp">
      <Filter>SDK</Filter>
    </ClInclude>
    <ClInclude Include="SDK\CE_W_KeyBindings_Button_structs.hpp">
      <Filter>SDK</Filter>
    </ClInclude>
    <ClInclude Include="SDK\CE_W_KeyBindings_Category_classes.hpp">
      <Filter>SDK</Filter>
    </ClInclude>
    <ClInclude Include="SDK\CE_W_KeyBindings_Category_parameters.hpp">
      <Filter>SDK</Filter>
    </ClInclude>
    <ClInclude Include="SDK\CE_W_KeyBindings_Category_structs.hpp">
      <Filter>SDK</Filter>
    </ClInclude>
    <ClInclude Include="SDK\CE_W_Keybindings_Command_classes.hpp">
      <Filter>SDK</Filter>
    </ClInclude>
    <ClInclude Include="SDK\CE_W_Keybindings_Command_parameters.hpp">
      <Filter>SDK</Filter>
    </ClInclude>
    <ClInclude Include="SDK\CE_W_Keybindings_Command_structs.hpp">
      <Filter>SDK</Filter>
    </ClInclude>
    <ClInclude Include="SDK\CE_W_KeyBindings_Commands_classes.hpp">
      <Filter>SDK</Filter>
    </ClInclude>
    <ClInclude Include="SDK\CE_W_KeyBindings_Commands_parameters.hpp">
      <Filter>SDK</Filter>
    </ClInclude>
    <ClInclude Include="SDK\CE_W_KeyBindings_Commands_structs.hpp">
      <Filter>SDK</Filter>
    </ClInclude>
    <ClInclude Include="SDK\CE_W_KeyBindings_Entry_classes.hpp">
      <Filter>SDK</Filter>
    </ClInclude>
    <ClInclude Include="SDK\CE_W_KeyBindings_Entry_parameters.hpp">
      <Filter>SDK</Filter>
    </ClInclude>
    <ClInclude Include="SDK\CE_W_KeyBindings_Entry_structs.hpp">
      <Filter>SDK</Filter>
    </ClInclude>
    <ClInclude Include="SDK\CE_W_KeyNavIndicator_classes.hpp">
      <Filter>SDK</Filter>
    </ClInclude>
    <ClInclude Include="SDK\CE_W_KeyNavIndicator_parameters.hpp">
      <Filter>SDK</Filter>
    </ClInclude>
    <ClInclude Include="SDK\CE_W_KeyNavIndicator_structs.hpp">
      <Filter>SDK</Filter>
    </ClInclude>
    <ClInclude Include="SDK\CE_W_LoadingProgress_classes.hpp">
      <Filter>SDK</Filter>
    </ClInclude>
    <ClInclude Include="SDK\CE_W_LoadingProgress_parameters.hpp">
      <Filter>SDK</Filter>
    </ClInclude>
    <ClInclude Include="SDK\CE_W_LoadingProgress_structs.hpp">
      <Filter>SDK</Filter>
    </ClInclude>
    <ClInclude Include="SDK\CE_W_MainMenu_MainMenu_classes.hpp">
      <Filter>SDK</Filter>
    </ClInclude>
    <ClInclude Include="SDK\CE_W_MainMenu_MainMenu_parameters.hpp">
      <Filter>SDK</Filter>
    </ClInclude>
    <ClInclude Include="SDK\CE_W_MainMenu_MainMenu_structs.hpp">
      <Filter>SDK</Filter>
    </ClInclude>
    <ClInclude Include="SDK\CE_W_MainMenuButton_classes.hpp">
      <Filter>SDK</Filter>
    </ClInclude>
    <ClInclude Include="SDK\CE_W_MainMenuButton_parameters.hpp">
      <Filter>SDK</Filter>
    </ClInclude>
    <ClInclude Include="SDK\CE_W_MainMenuButton_structs.hpp">
      <Filter>SDK</Filter>
    </ClInclude>
    <ClInclude Include="SDK\CE_W_MessageBox_classes.hpp">
      <Filter>SDK</Filter>
    </ClInclude>
    <ClInclude Include="SDK\CE_W_MessageBox_parameters.hpp">
      <Filter>SDK</Filter>
    </ClInclude>
    <ClInclude Include="SDK\CE_W_MessageBox_structs.hpp">
      <Filter>SDK</Filter>
    </ClInclude>
    <ClInclude Include="SDK\CE_W_MouseBlockWindow_classes.hpp">
      <Filter>SDK</Filter>
    </ClInclude>
    <ClInclude Include="SDK\CE_W_MouseBlockWindow_parameters.hpp">
      <Filter>SDK</Filter>
    </ClInclude>
    <ClInclude Include="SDK\CE_W_MouseBlockWindow_structs.hpp">
      <Filter>SDK</Filter>
    </ClInclude>
    <ClInclude Include="SDK\CE_W_NavigatableGridPanel_classes.hpp">
      <Filter>SDK</Filter>
    </ClInclude>
    <ClInclude Include="SDK\CE_W_NavigatableGridPanel_parameters.hpp">
      <Filter>SDK</Filter>
    </ClInclude>
    <ClInclude Include="SDK\CE_W_NavigatableGridPanel_structs.hpp">
      <Filter>SDK</Filter>
    </ClInclude>
    <ClInclude Include="SDK\CE_W_NudityOption_classes.hpp">
      <Filter>SDK</Filter>
    </ClInclude>
    <ClInclude Include="SDK\CE_W_NudityOption_parameters.hpp">
      <Filter>SDK</Filter>
    </ClInclude>
    <ClInclude Include="SDK\CE_W_NudityOption_structs.hpp">
      <Filter>SDK</Filter>
    </ClInclude>
    <ClInclude Include="SDK\CE_W_PatchNotesEntryView_classes.hpp">
      <Filter>SDK</Filter>
    </ClInclude>
    <ClInclude Include="SDK\CE_W_PatchNotesEntryView_parameters.hpp">
      <Filter>SDK</Filter>
    </ClInclude>
    <ClInclude Include="SDK\CE_W_PatchNotesEntryView_structs.hpp">
      <Filter>SDK</Filter>
    </ClInclude>
    <ClInclude Include="SDK\CE_W_PatchNotesView_classes.hpp">
      <Filter>SDK</Filter>
    </ClInclude>
    <ClInclude Include="SDK\CE_W_PatchNotesView_parameters.hpp">
      <Filter>SDK</Filter>
    </ClInclude>
    <ClInclude Include="SDK\CE_W_PatchNotesView_structs.hpp">
      <Filter>SDK</Filter>
    </ClInclude>
    <ClInclude Include="SDK\CE_W_PurgeFIFOMessageView_classes.hpp">
      <Filter>SDK</Filter>
    </ClInclude>
    <ClInclude Include="SDK\CE_W_PurgeFIFOMessageView_parameters.hpp">
      <Filter>SDK</Filter>
    </ClInclude>
    <ClInclude Include="SDK\CE_W_PurgeFIFOMessageView_structs.hpp">
      <Filter>SDK</Filter>
    </ClInclude>
    <ClInclude Include="SDK\CE_W_PvPSelection_classes.hpp">
      <Filter>SDK</Filter>
    </ClInclude>
    <ClInclude Include="SDK\CE_W_PvPSelection_parameters.hpp">
      <Filter>SDK</Filter>
    </ClInclude>
    <ClInclude Include="SDK\CE_W_PvPSelection_structs.hpp">
      <Filter>SDK</Filter>
    </ClInclude>
    <ClInclude Include="SDK\CE_W_ServerInfo_classes.hpp">
      <Filter>SDK</Filter>
    </ClInclude>
    <ClInclude Include="SDK\CE_W_ServerInfo_parameters.hpp">
      <Filter>SDK</Filter>
    </ClInclude>
    <ClInclude Include="SDK\CE_W_ServerInfo_structs.hpp">
      <Filter>SDK</Filter>
    </ClInclude>
    <ClInclude Include="SDK\CE_W_ServerList_classes.hpp">
      <Filter>SDK</Filter>
    </ClInclude>
    <ClInclude Include="SDK\CE_W_ServerList_parameters.hpp">
      <Filter>SDK</Filter>
    </ClInclude>
    <ClInclude Include="SDK\CE_W_ServerList_structs.hpp">
      <Filter>SDK</Filter>
    </ClInclude>
    <ClInclude Include="SDK\CE_W_ServerListView_classes.hpp">
      <Filter>SDK</Filter>
    </ClInclude>
    <ClInclude Include="SDK\CE_W_ServerListView_parameters.hpp">
      <Filter>SDK</Filter>
    </ClInclude>
    <ClInclude Include="SDK\CE_W_ServerListView_structs.hpp">
      <Filter>SDK</Filter>
    </ClInclude>
    <ClInclude Include="SDK\CE_W_ServerSetting_classes.hpp">
      <Filter>SDK</Filter>
    </ClInclude>
    <ClInclude Include="SDK\CE_W_ServerSetting_parameters.hpp">
      <Filter>SDK</Filter>
    </ClInclude>
    <ClInclude Include="SDK\CE_W_ServerSetting_structs.hpp">
      <Filter>SDK</Filter>
    </ClInclude>
    <ClInclude Include="SDK\CE_W_ServerSettingsPresets_classes.hpp">
      <Filter>SDK</Filter>
    </ClInclude>
    <ClInclude Include="SDK\CE_W_ServerSettingsPresets_parameters.hpp">
      <Filter>SDK</Filter>
    </ClInclude>
    <ClInclude Include="SDK\CE_W_ServerSettingsPresets_structs.hpp">
      <Filter>SDK</Filter>
    </ClInclude>
    <ClInclude Include="SDK\CE_W_Settings_Audio_classes.hpp">
      <Filter>SDK</Filter>
    </ClInclude>
    <ClInclude Include="SDK\CE_W_Settings_Audio_parameters.hpp">
      <Filter>SDK</Filter>
    </ClInclude>
    <ClInclude Include="SDK\CE_W_Settings_Audio_structs.hpp">
      <Filter>SDK</Filter>
    </ClInclude>
    <ClInclude Include="SDK\CE_W_Settings_classes.hpp">
      <Filter>SDK</Filter>
    </ClInclude>
    <ClInclude Include="SDK\CE_W_Settings_Control_classes.hpp">
      <Filter>SDK</Filter>
    </ClInclude>
    <ClInclude Include="SDK\CE_W_Settings_Control_parameters.hpp">
      <Filter>SDK</Filter>
    </ClInclude>
    <ClInclude Include="SDK\CE_W_Settings_Control_structs.hpp">
      <Filter>SDK</Filter>
    </ClInclude>
    <ClInclude Include="SDK\CE_W_Settings_Gameplay_classes.hpp">
      <Filter>SDK</Filter>
    </ClInclude>
    <ClInclude Include="SDK\CE_W_Settings_Gameplay_parameters.hpp">
      <Filter>SDK</Filter>
    </ClInclude>
    <ClInclude Include="SDK\CE_W_Settings_Gameplay_structs.hpp">
      <Filter>SDK</Filter>
    </ClInclude>
    <ClInclude Include="SDK\CE_W_Settings_KeyBindings_classes.hpp">
      <Filter>SDK</Filter>
    </ClInclude>
    <ClInclude Include="SDK\CE_W_Settings_KeyBindings_parameters.hpp">
      <Filter>SDK</Filter>
    </ClInclude>
    <ClInclude Include="SDK\CE_W_Settings_KeyBindings_structs.hpp">
      <Filter>SDK</Filter>
    </ClInclude>
    <ClInclude Include="SDK\CE_W_Settings_parameters.hpp">
      <Filter>SDK</Filter>
    </ClInclude>
    <ClInclude Include="SDK\CE_W_Settings_Server_classes.hpp">
      <Filter>SDK</Filter>
    </ClInclude>
    <ClInclude Include="SDK\CE_W_Settings_Server_parameters.hpp">
      <Filter>SDK</Filter>
    </ClInclude>
    <ClInclude Include="SDK\CE_W_Settings_Server_structs.hpp">
      <Filter>SDK</Filter>
    </ClInclude>
    <ClInclude Include="SDK\CE_W_Settings_structs.hpp">
      <Filter>SDK</Filter>
    </ClInclude>
    <ClInclude Include="SDK\CE_W_Settings_Video_classes.hpp">
      <Filter>SDK</Filter>
    </ClInclude>
    <ClInclude Include="SDK\CE_W_Settings_Video_parameters.hpp">
      <Filter>SDK</Filter>
    </ClInclude>
    <ClInclude Include="SDK\CE_W_Settings_Video_structs.hpp">
      <Filter>SDK</Filter>
    </ClInclude>
    <ClInclude Include="SDK\CE_W_SettingsGamepadPreset_classes.hpp">
      <Filter>SDK</Filter>
    </ClInclude>
    <ClInclude Include="SDK\CE_W_SettingsGamepadPreset_parameters.hpp">
      <Filter>SDK</Filter>
    </ClInclude>
    <ClInclude Include="SDK\CE_W_SettingsGamepadPreset_structs.hpp">
      <Filter>SDK</Filter>
    </ClInclude>
    <ClInclude Include="SDK\CE_W_SkippableMovie_classes.hpp">
      <Filter>SDK</Filter>
    </ClInclude>
    <ClInclude Include="SDK\CE_W_SkippableMovie_parameters.hpp">
      <Filter>SDK</Filter>
    </ClInclude>
    <ClInclude Include="SDK\CE_W_SkippableMovie_structs.hpp">
      <Filter>SDK</Filter>
    </ClInclude>
    <ClInclude Include="SDK\CE_W_SubtitleEntryView_classes.hpp">
      <Filter>SDK</Filter>
    </ClInclude>
    <ClInclude Include="SDK\CE_W_SubtitleEntryView_parameters.hpp">
      <Filter>SDK</Filter>
    </ClInclude>
    <ClInclude Include="SDK\CE_W_SubtitleEntryView_structs.hpp">
      <Filter>SDK</Filter>
    </ClInclude>
    <ClInclude Include="SDK\CE_W_SubtitleRenderer_classes.hpp">
      <Filter>SDK</Filter>
    </ClInclude>
    <ClInclude Include="SDK\CE_W_SubtitleRenderer_parameters.hpp">
      <Filter>SDK</Filter>
    </ClInclude>
    <ClInclude Include="SDK\CE_W_SubtitleRenderer_structs.hpp">
      <Filter>SDK</Filter>
    </ClInclude>
    <ClInclude Include="SDK\CE_W_TabButton_classes.hpp">
      <Filter>SDK</Filter>
    </ClInclude>
    <ClInclude Include="SDK\CE_W_TabButton_parameters.hpp">
      <Filter>SDK</Filter>
    </ClInclude>
    <ClInclude Include="SDK\CE_W_TabButton_structs.hpp">
      <Filter>SDK</Filter>
    </ClInclude>
    <ClInclude Include="SDK\CE_W_TimeInputBox_classes.hpp">
      <Filter>SDK</Filter>
    </ClInclude>
    <ClInclude Include="SDK\CE_W_TimeInputBox_parameters.hpp">
      <Filter>SDK</Filter>
    </ClInclude>
    <ClInclude Include="SDK\CE_W_TimeInputBox_structs.hpp">
      <Filter>SDK</Filter>
    </ClInclude>
    <ClInclude Include="SDK\CE_W_TooltipOverlay_classes.hpp">
      <Filter>SDK</Filter>
    </ClInclude>
    <ClInclude Include="SDK\CE_W_TooltipOverlay_parameters.hpp">
      <Filter>SDK</Filter>
    </ClInclude>
    <ClInclude Include="SDK\CE_W_TooltipOverlay_structs.hpp">
      <Filter>SDK</Filter>
    </ClInclude>
    <ClInclude Include="SDK\CE_W_TooltipWidget_classes.hpp">
      <Filter>SDK</Filter>
    </ClInclude>
    <ClInclude Include="SDK\CE_W_TooltipWidget_parameters.hpp">
      <Filter>SDK</Filter>
    </ClInclude>
    <ClInclude Include="SDK\CE_W_TooltipWidget_structs.hpp">
      <Filter>SDK</Filter>
    </ClInclude>
    <ClInclude Include="SDK\CE_WidgetFIFOData_classes.hpp">
      <Filter>SDK</Filter>
    </ClInclude>
    <ClInclude Include="SDK\CE_WidgetFIFOData_parameters.hpp">
      <Filter>SDK</Filter>
    </ClInclude>
    <ClInclude Include="SDK\CE_WidgetFIFOData_structs.hpp">
      <Filter>SDK</Filter>
    </ClInclude>
    <ClInclude Include="SDK\CE_WmfMediaFactory_classes.hpp">
      <Filter>SDK</Filter>
    </ClInclude>
    <ClInclude Include="SDK\CE_WmfMediaFactory_parameters.hpp">
      <Filter>SDK</Filter>
    </ClInclude>
    <ClInclude Include="SDK\CE_WmfMediaFactory_structs.hpp">
      <Filter>SDK</Filter>
    </ClInclude>
    <ClInclude Include="SDK.hpp">
      <Filter>SDK</Filter>
    </ClInclude>
    <ClInclude Include="SDK\CE_ActorSequence_classes.hpp">
      <Filter>SDK</Filter>
    </ClInclude>
    <ClInclude Include="SDK\CE_ActorSequence_parameters.hpp">
      <Filter>SDK</Filter>
    </ClInclude>
    <ClInclude Include="SDK\CE_ActorSequence_structs.hpp">
      <Filter>SDK</Filter>
    </ClInclude>
    <ClInclude Include="SDK\CE_AIModule_classes.hpp">
      <Filter>SDK</Filter>
    </ClInclude>
    <ClInclude Include="SDK\CE_AIModule_parameters.hpp">
      <Filter>SDK</Filter>
    </ClInclude>
    <ClInclude Include="SDK\CE_AIModule_structs.hpp">
      <Filter>SDK</Filter>
    </ClInclude>
    <ClInclude Include="SDK\CE_AnimGraphRuntime_classes.hpp">
      <Filter>SDK</Filter>
    </ClInclude>
    <ClInclude Include="SDK\CE_AnimGraphRuntime_parameters.hpp">
      <Filter>SDK</Filter>
    </ClInclude>
    <ClInclude Include="SDK\CE_AnimGraphRuntime_structs.hpp">
      <Filter>SDK</Filter>
    </ClInclude>
    <ClInclude Include="SDK\CE_ArchVisCharacter_classes.hpp">
      <Filter>SDK</Filter>
    </ClInclude>
    <ClInclude Include="SDK\CE_ArchVisCharacter_parameters.hpp">
      <Filter>SDK</Filter>
    </ClInclude>
    <ClInclude Include="SDK\CE_ArchVisCharacter_structs.hpp">
      <Filter>SDK</Filter>
    </ClInclude>
    <ClInclude Include="SDK\CE_AudioMixer_classes.hpp">
      <Filter>SDK</Filter>
    </ClInclude>
    <ClInclude Include="SDK\CE_AudioMixer_parameters.hpp">
      <Filter>SDK</Filter>
    </ClInclude>
    <ClInclude Include="SDK\CE_AudioMixer_structs.hpp">
      <Filter>SDK</Filter>
    </ClInclude>
    <ClInclude Include="SDK\CE_AutomationController_classes.hpp">
      <Filter>SDK</Filter>
    </ClInclude>
    <ClInclude Include="SDK\CE_AutomationController_parameters.hpp">
      <Filter>SDK</Filter>
    </ClInclude>
    <ClInclude Include="SDK\CE_AutomationController_structs.hpp">
      <Filter>SDK</Filter>
    </ClInclude>
    <ClInclude Include="SDK\CE_AutomationMessages_classes.hpp">
      <Filter>SDK</Filter>
    </ClInclude>
    <ClInclude Include="SDK\CE_AutomationMessages_parameters.hpp">
      <Filter>SDK</Filter>
    </ClInclude>
    <ClInclude Include="SDK\CE_AutomationMessages_structs.hpp">
      <Filter>SDK</Filter>
    </ClInclude>
    <ClInclude Include="SDK\CE_AvfMediaFactory_classes.hpp">
      <Filter>SDK</Filter>
    </ClInclude>
    <ClInclude Include="SDK\CE_AvfMediaFactory_parameters.hpp">
      <Filter>SDK</Filter>
    </ClInclude>
  </ItemGroup>
  <ItemGroup>
    <ClCompile Include="SDK\CE_BaseGameState_functions.cpp">
      <Filter>SDK</Filter>
    </ClCompile>
    <ClCompile Include="SDK\CE_BasePlayerCharInterface_functions.cpp">
      <Filter>SDK</Filter>
    </ClCompile>
    <ClCompile Include="SDK\CE_BasePlayerState_functions.cpp">
      <Filter>SDK</Filter>
    </ClCompile>
    <ClCompile Include="SDK\CE_Basic.cpp">
      <Filter>SDK</Filter>
    </ClCompile>
    <ClCompile Include="SDK\CE_BP_ConanArmor_DLC_ModController_functions.cpp">
      <Filter>SDK</Filter>
    </ClCompile>
    <ClCompile Include="SDK\CE_BP_ConanGameInstance_functions.cpp">
      <Filter>SDK</Filter>
    </ClCompile>
    <ClCompile Include="SDK\CE_BP_ConanSword_DLC_ModController_functions.cpp">
      <Filter>SDK</Filter>
    </ClCompile>
    <ClCompile Include="SDK\CE_BP_ServerSettings_functions.cpp">
      <Filter>SDK</Filter>
    </ClCompile>
    <ClCompile Include="SDK\CE_BP_UIResourceSingleton_functions.cpp">
      <Filter>SDK</Filter>
    </ClCompile>
    <ClCompile Include="SDK\CE_BuildPatchServices_functions.cpp">
      <Filter>SDK</Filter>
    </ClCompile>
    <ClCompile Include="SDK\CE_CableComponent_functions.cpp">
      <Filter>SDK</Filter>
    </ClCompile>
    <ClCompile Include="SDK\CE_CinematicCamera_functions.cpp">
      <Filter>SDK</Filter>
    </ClCompile>
    <ClCompile Include="SDK\CE_ConanGameInstanceInterface_functions.cpp">
      <Filter>SDK</Filter>
    </ClCompile>
    <ClCompile Include="SDK\CE_ConanSandbox_functions.cpp">
      <Filter>SDK</Filter>
    </ClCompile>
    <ClCompile Include="SDK\CE_CoreUObject_functions.cpp">
      <Filter>SDK</Filter>
    </ClCompile>
    <ClCompile Include="SDK\CE_CustomMeshComponent_functions.cpp">
      <Filter>SDK</Filter>
    </ClCompile>
    <ClCompile Include="SDK\CE_DialoguePlugin_functions.cpp">
      <Filter>SDK</Filter>
    </ClCompile>
    <ClCompile Include="SDK\CE_DmgTypeBP_Environmental_functions.cpp">
      <Filter>SDK</Filter>
    </ClCompile>
    <ClCompile Include="SDK\CE_DreamworldMods_functions.cpp">
      <Filter>SDK</Filter>
    </ClCompile>
    <ClCompile Include="SDK\CE_DreamworldPreInit_functions.cpp">
      <Filter>SDK</Filter>
    </ClCompile>
    <ClCompile Include="SDK\CE_EditorStyle_functions.cpp">
      <Filter>SDK</Filter>
    </ClCompile>
    <ClCompile Include="SDK\CE_Engine_functions.cpp">
      <Filter>SDK</Filter>
    </ClCompile>
    <ClCompile Include="SDK\CE_EngineMessages_functions.cpp">
      <Filter>SDK</Filter>
    </ClCompile>
    <ClCompile Include="SDK\CE_EngineSettings_functions.cpp">
      <Filter>SDK</Filter>
    </ClCompile>
    <ClCompile Include="SDK\CE_ExternalDirectory_functions.cpp">
      <Filter>SDK</Filter>
    </ClCompile>
    <ClCompile Include="SDK\CE_FacialAnimation_functions.cpp">
      <Filter>SDK</Filter>
    </ClCompile>
    <ClCompile Include="SDK\CE_FCButtonSubMenu_functions.cpp">
      <Filter>SDK</Filter>
    </ClCompile>
    <ClCompile Include="SDK\CE_Foliage_functions.cpp">
      <Filter>SDK</Filter>
    </ClCompile>
    <ClCompile Include="SDK\CE_GameLiveStreaming_functions.cpp">
      <Filter>SDK</Filter>
    </ClCompile>
    <ClCompile Include="SDK\CE_GameplayTags_functions.cpp">
      <Filter>SDK</Filter>
    </ClCompile>
    <ClCompile Include="SDK\CE_GameplayTasks_functions.cpp">
      <Filter>SDK</Filter>
    </ClCompile>
    <ClCompile Include="SDK\CE_GeometryCache_functions.cpp">
      <Filter>SDK</Filter>
    </ClCompile>
    <ClCompile Include="SDK\CE_HeadMountedDisplay_functions.cpp">
      <Filter>SDK</Filter>
    </ClCompile>
    <ClCompile Include="SDK\CE_Hotfix_functions.cpp">
      <Filter>SDK</Filter>
    </ClCompile>
    <ClCompile Include="SDK\CE_HTML5Networking_functions.cpp">
      <Filter>SDK</Filter>
    </ClCompile>
    <ClCompile Include="SDK\CE_I_HostLocalWidgetInterface_functions.cpp">
      <Filter>SDK</Filter>
    </ClCompile>
    <ClCompile Include="SDK\CE_InputCore_functions.cpp">
      <Filter>SDK</Filter>
    </ClCompile>
    <ClCompile Include="SDK\CE_JsonUtilities_functions.cpp">
      <Filter>SDK</Filter>
    </ClCompile>
    <ClCompile Include="SDK\CE_Landscape_functions.cpp">
      <Filter>SDK</Filter>
    </ClCompile>
    <ClCompile Include="SDK\CE_LevelSequence_functions.cpp">
      <Filter>SDK</Filter>
    </ClCompile>
    <ClCompile Include="SDK\CE_LightPropagationVolumeRuntime_functions.cpp">
      <Filter>SDK</Filter>
    </ClCompile>
    <ClCompile Include="SDK\CE_Lobby_functions.cpp">
      <Filter>SDK</Filter>
    </ClCompile>
    <ClCompile Include="SDK\CE_LocationServicesBPLibrary_functions.cpp">
      <Filter>SDK</Filter>
    </ClCompile>
    <ClCompile Include="SDK\CE_MaterialShaderQualitySettings_functions.cpp">
      <Filter>SDK</Filter>
    </ClCompile>
    <ClCompile Include="SDK\CE_MediaAssets_functions.cpp">
      <Filter>SDK</Filter>
    </ClCompile>
    <ClCompile Include="SDK\CE_MobilePatchingUtils_functions.cpp">
      <Filter>SDK</Filter>
    </ClCompile>
    <ClCompile Include="SDK\CE_MoviePlayer_functions.cpp">
      <Filter>SDK</Filter>
    </ClCompile>
    <ClCompile Include="SDK\CE_MovieScene_functions.cpp">
      <Filter>SDK</Filter>
    </ClCompile>
    <ClCompile Include="SDK\CE_MovieSceneCapture_functions.cpp">
      <Filter>SDK</Filter>
    </ClCompile>
    <ClCompile Include="SDK\CE_MovieSceneTracks_functions.cpp">
      <Filter>SDK</Filter>
    </ClCompile>
    <ClCompile Include="SDK\CE_Niagara_functions.cpp">
      <Filter>SDK</Filter>
    </ClCompile>
    <ClCompile Include="SDK\CE_OnlineSubsystem_functions.cpp">
      <Filter>SDK</Filter>
    </ClCompile>
    <ClCompile Include="SDK\CE_OnlineSubsystemSteam_functions.cpp">
      <Filter>SDK</Filter>
    </ClCompile>
    <ClCompile Include="SDK\CE_OnlineSubsystemUtils_functions.cpp">
      <Filter>SDK</Filter>
    </ClCompile>
    <ClCompile Include="SDK\CE_PacketHandler_functions.cpp">
      <Filter>SDK</Filter>
    </ClCompile>
    <ClCompile Include="SDK\CE_Paper2D_functions.cpp">
      <Filter>SDK</Filter>
    </ClCompile>
    <ClCompile Include="SDK\CE_Party_functions.cpp">
      <Filter>SDK</Filter>
    </ClCompile>
    <ClCompile Include="SDK\CE_PhysXVehicles_functions.cpp">
      <Filter>SDK</Filter>
    </ClCompile>
    <ClCompile Include="SDK\CE_ProceduralMeshComponent_functions.cpp">
      <Filter>SDK</Filter>
    </ClCompile>
    <ClCompile Include="SDK\CE_ProfilerMessages_functions.cpp">
      <Filter>SDK</Filter>
    </ClCompile>
    <ClCompile Include="SDK\CE_Qos_functions.cpp">
      <Filter>SDK</Filter>
    </ClCompile>
    <ClCompile Include="SDK\CE_RconPlugin_functions.cpp">
      <Filter>SDK</Filter>
    </ClCompile>
    <ClCompile Include="SDK\CE_Rejoin_functions.cpp">
      <Filter>SDK</Filter>
    </ClCompile>
    <ClCompile Include="SDK\CE_ScreenShotComparisonTools_functions.cpp">
      <Filter>SDK</Filter>
    </ClCompile>
    <ClCompile Include="SDK\CE_Serialization_functions.cpp">
      <Filter>SDK</Filter>
    </ClCompile>
    <ClCompile Include="SDK\CE_SessionMessages_functions.cpp">
      <Filter>SDK</Filter>
    </ClCompile>
    <ClCompile Include="SDK\CE_SittingPoses_functions.cpp">
      <Filter>SDK</Filter>
    </ClCompile>
    <ClCompile Include="SDK\CE_Slate_functions.cpp">
      <Filter>SDK</Filter>
    </ClCompile>
    <ClCompile Include="SDK\CE_SlateCore_functions.cpp">
      <Filter>SDK</Filter>
    </ClCompile>
    <ClCompile Include="SDK\CE_SlateReflector_functions.cpp">
      <Filter>SDK</Filter>
    </ClCompile>
    <ClCompile Include="SDK\CE_Startup_functions.cpp">
      <Filter>SDK</Filter>
    </ClCompile>
    <ClCompile Include="SDK\CE_StartupGameMode_functions.cpp">
      <Filter>SDK</Filter>
    </ClCompile>
    <ClCompile Include="SDK\CE_TcpMessaging_functions.cpp">
      <Filter>SDK</Filter>
    </ClCompile>
    <ClCompile Include="SDK\CE_UdpMessaging_functions.cpp">
      <Filter>SDK</Filter>
    </ClCompile>
    <ClCompile Include="SDK\CE_UE4Dreamworld_functions.cpp">
      <Filter>SDK</Filter>
    </ClCompile>
    <ClCompile Include="SDK\CE_UMG_functions.cpp">
      <Filter>SDK</Filter>
    </ClCompile>
    <ClCompile Include="SDK\CE_UnrealEdMessages_functions.cpp">
      <Filter>SDK</Filter>
    </ClCompile>
    <ClCompile Include="SDK\CE_VectorVM_functions.cpp">
      <Filter>SDK</Filter>
    </ClCompile>
    <ClCompile Include="SDK\CE_W_ActionTutorial_functions.cpp">
      <Filter>SDK</Filter>
    </ClCompile>
    <ClCompile Include="SDK\CE_W_BlitzButton_functions.cpp">
      <Filter>SDK</Filter>
    </ClCompile>
    <ClCompile Include="SDK\CE_W_ButtonCustom_functions.cpp">
      <Filter>SDK</Filter>
    </ClCompile>
    <ClCompile Include="SDK\CE_W_ButtonLarge_functions.cpp">
      <Filter>SDK</Filter>
    </ClCompile>
    <ClCompile Include="SDK\CE_W_ButtonNormal_functions.cpp">
      <Filter>SDK</Filter>
    </ClCompile>
    <ClCompile Include="SDK\CE_W_CommunityButton_functions.cpp">
      <Filter>SDK</Filter>
    </ClCompile>
    <ClCompile Include="SDK\CE_W_DiscoveryFIFOMessageView_functions.cpp">
      <Filter>SDK</Filter>
    </ClCompile>
    <ClCompile Include="SDK\CE_W_DropDownText_functions.cpp">
      <Filter>SDK</Filter>
    </ClCompile>
    <ClCompile Include="SDK\CE_W_EarlyAccessWarning_functions.cpp">
      <Filter>SDK</Filter>
    </ClCompile>
    <ClCompile Include="SDK\CE_W_EditableLabeledSlider_functions.cpp">
      <Filter>SDK</Filter>
    </ClCompile>
    <ClCompile Include="SDK\CE_W_FCButton_functions.cpp">
      <Filter>SDK</Filter>
    </ClCompile>
    <ClCompile Include="SDK\CE_W_FCComboBoxString_functions.cpp">
      <Filter>SDK</Filter>
    </ClCompile>
    <ClCompile Include="SDK\CE_W_FCEditableTextBlock_functions.cpp">
      <Filter>SDK</Filter>
    </ClCompile>
    <ClCompile Include="SDK\CE_W_FCMultiLineEditableTextBox_functions.cpp">
      <Filter>SDK</Filter>
    </ClCompile>
    <ClCompile Include="SDK\CE_W_FCSlider_functions.cpp">
      <Filter>SDK</Filter>
    </ClCompile>
    <ClCompile Include="SDK\CE_W_FIFOMessageView_functions.cpp">
      <Filter>SDK</Filter>
    </ClCompile>
    <ClCompile Include="SDK\CE_W_FIFOWindow_functions.cpp">
      <Filter>SDK</Filter>
    </ClCompile>
    <ClCompile Include="SDK\CE_W_GamepadHelpEntry_functions.cpp">
      <Filter>SDK</Filter>
    </ClCompile>
    <ClCompile Include="SDK\CE_W_GamepadHelpOverlay_functions.cpp">
      <Filter>SDK</Filter>
    </ClCompile>
    <ClCompile Include="SDK\CE_W_HostLocal_functions.cpp">
      <Filter>SDK</Filter>
    </ClCompile>
    <ClCompile Include="SDK\CE_W_HotkeyIcon_functions.cpp">
      <Filter>SDK</Filter>
    </ClCompile>
    <ClCompile Include="SDK\CE_W_IngameLoadingScreen_functions.cpp">
      <Filter>SDK</Filter>
    </ClCompile>
    <ClCompile Include="SDK\CE_W_InputBox_functions.cpp">
      <Filter>SDK</Filter>
    </ClCompile>
    <ClCompile Include="SDK\CE_W_IntentionPicker_functions.cpp">
      <Filter>SDK</Filter>
    </ClCompile>
    <ClCompile Include="SDK\CE_W_JourneyStepFIFOMessageView2_functions.cpp">
      <Filter>SDK</Filter>
    </ClCompile>
    <ClCompile Include="SDK\CE_W_KeyBindings_Button_functions.cpp">
      <Filter>SDK</Filter>
    </ClCompile>
    <ClCompile Include="SDK\CE_W_KeyBindings_Category_functions.cpp">
      <Filter>SDK</Filter>
    </ClCompile>
    <ClCompile Include="SDK\CE_W_Keybindings_Command_functions.cpp">
      <Filter>SDK</Filter>
    </ClCompile>
    <ClCompile Include="SDK\CE_W_KeyBindings_Commands_functions.cpp">
      <Filter>SDK</Filter>
    </ClCompile>
    <ClCompile Include="SDK\CE_W_KeyBindings_Entry_functions.cpp">
      <Filter>SDK</Filter>
    </ClCompile>
    <ClCompile Include="SDK\CE_W_KeyNavIndicator_functions.cpp">
      <Filter>SDK</Filter>
    </ClCompile>
    <ClCompile Include="SDK\CE_W_LoadingProgress_functions.cpp">
      <Filter>SDK</Filter>
    </ClCompile>
    <ClCompile Include="SDK\CE_W_MainMenu_MainMenu_functions.cpp">
      <Filter>SDK</Filter>
    </ClCompile>
    <ClCompile Include="SDK\CE_W_MainMenuButton_functions.cpp">
      <Filter>SDK</Filter>
    </ClCompile>
    <ClCompile Include="SDK\CE_W_MessageBox_functions.cpp">
      <Filter>SDK</Filter>
    </ClCompile>
    <ClCompile Include="SDK\CE_W_MouseBlockWindow_functions.cpp">
      <Filter>SDK</Filter>
    </ClCompile>
    <ClCompile Include="SDK\CE_W_NavigatableGridPanel_functions.cpp">
      <Filter>SDK</Filter>
    </ClCompile>
    <ClCompile Include="SDK\CE_W_NudityOption_functions.cpp">
      <Filter>SDK</Filter>
    </ClCompile>
    <ClCompile Include="SDK\CE_W_PatchNotesEntryView_functions.cpp">
      <Filter>SDK</Filter>
    </ClCompile>
    <ClCompile Include="SDK\CE_W_PatchNotesView_functions.cpp">
      <Filter>SDK</Filter>
    </ClCompile>
    <ClCompile Include="SDK\CE_W_PurgeFIFOMessageView_functions.cpp">
      <Filter>SDK</Filter>
    </ClCompile>
    <ClCompile Include="SDK\CE_W_PvPSelection_functions.cpp">
      <Filter>SDK</Filter>
    </ClCompile>
    <ClCompile Include="SDK\CE_W_ServerInfo_functions.cpp">
      <Filter>SDK</Filter>
    </ClCompile>
    <ClCompile Include="SDK\CE_W_ServerList_functions.cpp">
      <Filter>SDK</Filter>
    </ClCompile>
    <ClCompile Include="SDK\CE_W_ServerListView_functions.cpp">
      <Filter>SDK</Filter>
    </ClCompile>
    <ClCompile Include="SDK\CE_W_ServerSetting_functions.cpp">
      <Filter>SDK</Filter>
    </ClCompile>
    <ClCompile Include="SDK\CE_W_ServerSettingsPresets_functions.cpp">
      <Filter>SDK</Filter>
    </ClCompile>
    <ClCompile Include="SDK\CE_W_Settings_Audio_functions.cpp">
      <Filter>SDK</Filter>
    </ClCompile>
    <ClCompile Include="SDK\CE_W_Settings_Control_functions.cpp">
      <Filter>SDK</Filter>
    </ClCompile>
    <ClCompile Include="SDK\CE_W_Settings_functions.cpp">
      <Filter>SDK</Filter>
    </ClCompile>
    <ClCompile Include="SDK\CE_W_Settings_Gameplay_functions.cpp">
      <Filter>SDK</Filter>
    </ClCompile>
    <ClCompile Include="SDK\CE_W_Settings_KeyBindings_functions.cpp">
      <Filter>SDK</Filter>
    </ClCompile>
    <ClCompile Include="SDK\CE_W_Settings_Server_functions.cpp">
      <Filter>SDK</Filter>
    </ClCompile>
    <ClCompile Include="SDK\CE_W_Settings_Video_functions.cpp">
      <Filter>SDK</Filter>
    </ClCompile>
    <ClCompile Include="SDK\CE_W_SettingsGamepadPreset_functions.cpp">
      <Filter>SDK</Filter>
    </ClCompile>
    <ClCompile Include="SDK\CE_W_SkippableMovie_functions.cpp">
      <Filter>SDK</Filter>
    </ClCompile>
    <ClCompile Include="SDK\CE_W_SubtitleEntryView_functions.cpp">
      <Filter>SDK</Filter>
    </ClCompile>
    <ClCompile Include="SDK\CE_W_SubtitleRenderer_functions.cpp">
      <Filter>SDK</Filter>
    </ClCompile>
    <ClCompile Include="SDK\CE_W_TabButton_functions.cpp">
      <Filter>SDK</Filter>
    </ClCompile>
    <ClCompile Include="SDK\CE_W_TimeInputBox_functions.cpp">
      <Filter>SDK</Filter>
    </ClCompile>
    <ClCompile Include="SDK\CE_W_TooltipOverlay_functions.cpp">
      <Filter>SDK</Filter>
    </ClCompile>
    <ClCompile Include="SDK\CE_W_TooltipWidget_functions.cpp">
      <Filter>SDK</Filter>
    </ClCompile>
    <ClCompile Include="SDK\CE_WidgetFIFOData_functions.cpp">
      <Filter>SDK</Filter>
    </ClCompile>
    <ClCompile Include="SDK\CE_WmfMediaFactory_functions.cpp">
      <Filter>SDK</Filter>
    </ClCompile>
    <ClCompile Include="SDK\CE_ActorSequence_functions.cpp">
      <Filter>SDK</Filter>
    </ClCompile>
    <ClCompile Include="SDK\CE_AIModule_functions.cpp">
      <Filter>SDK</Filter>
    </ClCompile>
    <ClCompile Include="SDK\CE_AnimGraphRuntime_functions.cpp">
      <Filter>SDK</Filter>
    </ClCompile>
    <ClCompile Include="SDK\CE_ArchVisCharacter_functions.cpp">
      <Filter>SDK</Filter>
    </ClCompile>
    <ClCompile Include="SDK\CE_AudioMixer_functions.cpp">
      <Filter>SDK</Filter>
    </ClCompile>
    <ClCompile Include="SDK\CE_AutomationController_functions.cpp">
      <Filter>SDK</Filter>
    </ClCompile>
    <ClCompile Include="SDK\CE_AutomationMessages_functions.cpp">
      <Filter>SDK</Filter>
    </ClCompile>
    <ClCompile Include="SDK\CE_AvfMediaFactory_functions.cpp">
      <Filter>SDK</Filter>
    </ClCompile>
  </ItemGroup>
</Project>